
Microsoft Visual Studio Solution File, Format Version 12.00
# Visual Studio Version 17
VisualStudioVersion = 17.14.36414.22 d17.14
MinimumVisualStudioVersion = 10.0.40219.1
Project("{FAE04EC0-301F-11D3-BF4B-00C04F79EFBC}") = "app_2.1", "app_2.1\app_2.1.csproj", "{7C07240A-F276-4993-B118-4BF06C924007}"
EndProject
Global
	GlobalSection(SolutionConfigurationPlatforms) = preSolution
		Debug|Any CPU = Debug|Any CPU
		Release|Any CPU = Release|Any CPU
	EndGlobalSection
	GlobalSection(ProjectConfigurationPlatforms) = postSolution
		{7C07240A-F276-4993-B118-4BF06C924007}.Debug|Any CPU.ActiveCfg = Debug|Any CPU
		{7C07240A-F276-4993-B118-4BF06C924007}.Debug|Any CPU.Build.0 = Debug|Any CPU
		{7C07240A-F276-4993-B118-4BF06C924007}.Release|Any CPU.ActiveCfg = Release|Any CPU
		{7C07240A-F276-4993-B118-4BF06C924007}.Release|Any CPU.Build.0 = Release|Any CPU
	EndGlobalSection
	GlobalSection(SolutionProperties) = preSolution
		HideSolutionNode = FALSE
	EndGlobalSection
	GlobalSection(ExtensibilityGlobals) = postSolution
		SolutionGuid = {0F691006-144C-4DC1-B775-E9F85E593768}
	EndGlobalSection
EndGlobal
