
Microsoft Visual Studio Solution File, Format Version 12.00
# Visual Studio Version 17
VisualStudioVersion = 17.14.36414.22 d17.14
MinimumVisualStudioVersion = 10.0.40219.1
Project("{FAE04EC0-301F-11D3-BF4B-00C04F79EFBC}") = "app_2", "app_2\app_2.csproj", "{D4360A4B-F688-4947-A91D-C5E6E6AB0CA5}"
EndProject
Global
	GlobalSection(SolutionConfigurationPlatforms) = preSolution
		Debug|Any CPU = Debug|Any CPU
		Release|Any CPU = Release|Any CPU
	EndGlobalSection
	GlobalSection(ProjectConfigurationPlatforms) = postSolution
		{D4360A4B-F688-4947-A91D-C5E6E6AB0CA5}.Debug|Any CPU.ActiveCfg = Debug|Any CPU
		{D4360A4B-F688-4947-A91D-C5E6E6AB0CA5}.Debug|Any CPU.Build.0 = Debug|Any CPU
		{D4360A4B-F688-4947-A91D-C5E6E6AB0CA5}.Release|Any CPU.ActiveCfg = Release|Any CPU
		{D4360A4B-F688-4947-A91D-C5E6E6AB0CA5}.Release|Any CPU.Build.0 = Release|Any CPU
	EndGlobalSection
	GlobalSection(SolutionProperties) = preSolution
		HideSolutionNode = FALSE
	EndGlobalSection
	GlobalSection(ExtensibilityGlobals) = postSolution
		SolutionGuid = {1A684136-06DA-45C3-88F8-1FD515F5BBFF}
	EndGlobalSection
EndGlobal
